
Microsoft Visual Studio Solution File, Format Version 12.00
# Visual Studio 15
VisualStudioVersion = 15.0.28307.757
MinimumVisualStudioVersion = 10.0.40219.1
Project("{FAE04EC0-301F-11D3-BF4B-00C04F79EFBC}") = "TesteNET.Client", "Client\TesteNET.Client.csproj", "{4047E631-2621-41A8-87D7-D9E02DE944B0}"
EndProject
Project("{FAE04EC0-301F-11D3-BF4B-00C04F79EFBC}") = "TesteNET.API", "TesteNet.API\TesteNET.API.csproj", "{65D09DCC-CB84-4F6C-9D84-18976B86B59D}"
EndProject
Project("{FAE04EC0-301F-11D3-BF4B-00C04F79EFBC}") = "TesteNET.RabbitMqHelper", "TesteNET.RabbitMqHelper\TesteNET.RabbitMqHelper.csproj", "{A49EB3BE-53AE-4F4E-9CF4-0111F2E4A94D}"
EndProject
Project("{FAE04EC0-301F-11D3-BF4B-00C04F79EFBC}") = "TesteNET.Domain", "TesteNET.Domain\TesteNET.Domain.csproj", "{31251D76-8753-45FE-9EC5-D412C2DD5B3B}"
EndProject
Project("{FAE04EC0-301F-11D3-BF4B-00C04F79EFBC}") = "TesteNET.Data", "TesteNET.Data\TesteNET.Data.csproj", "{9B173899-B914-44E7-A949-0B15A5058E1E}"
EndProject
Project("{FAE04EC0-301F-11D3-BF4B-00C04F79EFBC}") = "TesteNET.Processer", "TesteNET.Processer\TesteNET.Processer.csproj", "{470E05E3-194D-4A8A-8730-2FD03AAA4A41}"
EndProject
Project("{FAE04EC0-301F-11D3-BF4B-00C04F79EFBC}") = "TesteNET.Web.Apresentacao", "TesteNET.Web.Apresentacao\TesteNET.Web.Apresentacao.csproj", "{00FC51EB-4C98-4269-9177-1FEBAF65703C}"
EndProject
Project("{FAE04EC0-301F-11D3-BF4B-00C04F79EFBC}") = "TesteNET.Application", "TesteNET.Application\TesteNET.Application.csproj", "{39D8EC7B-CC6D-4AC2-B764-BA5CE60C7CCF}"
EndProject
Global
	GlobalSection(SolutionConfigurationPlatforms) = preSolution
		Debug|Any CPU = Debug|Any CPU
		Release|Any CPU = Release|Any CPU
	EndGlobalSection
	GlobalSection(ProjectConfigurationPlatforms) = postSolution
		{4047E631-2621-41A8-87D7-D9E02DE944B0}.Debug|Any CPU.ActiveCfg = Debug|Any CPU
		{4047E631-2621-41A8-87D7-D9E02DE944B0}.Debug|Any CPU.Build.0 = Debug|Any CPU
		{4047E631-2621-41A8-87D7-D9E02DE944B0}.Release|Any CPU.ActiveCfg = Release|Any CPU
		{4047E631-2621-41A8-87D7-D9E02DE944B0}.Release|Any CPU.Build.0 = Release|Any CPU
		{65D09DCC-CB84-4F6C-9D84-18976B86B59D}.Debug|Any CPU.ActiveCfg = Debug|Any CPU
		{65D09DCC-CB84-4F6C-9D84-18976B86B59D}.Debug|Any CPU.Build.0 = Debug|Any CPU
		{65D09DCC-CB84-4F6C-9D84-18976B86B59D}.Release|Any CPU.ActiveCfg = Release|Any CPU
		{65D09DCC-CB84-4F6C-9D84-18976B86B59D}.Release|Any CPU.Build.0 = Release|Any CPU
		{A49EB3BE-53AE-4F4E-9CF4-0111F2E4A94D}.Debug|Any CPU.ActiveCfg = Debug|Any CPU
		{A49EB3BE-53AE-4F4E-9CF4-0111F2E4A94D}.Debug|Any CPU.Build.0 = Debug|Any CPU
		{A49EB3BE-53AE-4F4E-9CF4-0111F2E4A94D}.Release|Any CPU.ActiveCfg = Release|Any CPU
		{A49EB3BE-53AE-4F4E-9CF4-0111F2E4A94D}.Release|Any CPU.Build.0 = Release|Any CPU
		{31251D76-8753-45FE-9EC5-D412C2DD5B3B}.Debug|Any CPU.ActiveCfg = Debug|Any CPU
		{31251D76-8753-45FE-9EC5-D412C2DD5B3B}.Debug|Any CPU.Build.0 = Debug|Any CPU
		{31251D76-8753-45FE-9EC5-D412C2DD5B3B}.Release|Any CPU.ActiveCfg = Release|Any CPU
		{31251D76-8753-45FE-9EC5-D412C2DD5B3B}.Release|Any CPU.Build.0 = Release|Any CPU
		{9B173899-B914-44E7-A949-0B15A5058E1E}.Debug|Any CPU.ActiveCfg = Debug|Any CPU
		{9B173899-B914-44E7-A949-0B15A5058E1E}.Debug|Any CPU.Build.0 = Debug|Any CPU
		{9B173899-B914-44E7-A949-0B15A5058E1E}.Release|Any CPU.ActiveCfg = Release|Any CPU
		{9B173899-B914-44E7-A949-0B15A5058E1E}.Release|Any CPU.Build.0 = Release|Any CPU
		{470E05E3-194D-4A8A-8730-2FD03AAA4A41}.Debug|Any CPU.ActiveCfg = Debug|Any CPU
		{470E05E3-194D-4A8A-8730-2FD03AAA4A41}.Debug|Any CPU.Build.0 = Debug|Any CPU
		{470E05E3-194D-4A8A-8730-2FD03AAA4A41}.Release|Any CPU.ActiveCfg = Release|Any CPU
		{470E05E3-194D-4A8A-8730-2FD03AAA4A41}.Release|Any CPU.Build.0 = Release|Any CPU
		{00FC51EB-4C98-4269-9177-1FEBAF65703C}.Debug|Any CPU.ActiveCfg = Debug|Any CPU
		{00FC51EB-4C98-4269-9177-1FEBAF65703C}.Debug|Any CPU.Build.0 = Debug|Any CPU
		{00FC51EB-4C98-4269-9177-1FEBAF65703C}.Release|Any CPU.ActiveCfg = Release|Any CPU
		{00FC51EB-4C98-4269-9177-1FEBAF65703C}.Release|Any CPU.Build.0 = Release|Any CPU
		{39D8EC7B-CC6D-4AC2-B764-BA5CE60C7CCF}.Debug|Any CPU.ActiveCfg = Debug|Any CPU
		{39D8EC7B-CC6D-4AC2-B764-BA5CE60C7CCF}.Debug|Any CPU.Build.0 = Debug|Any CPU
		{39D8EC7B-CC6D-4AC2-B764-BA5CE60C7CCF}.Release|Any CPU.ActiveCfg = Release|Any CPU
		{39D8EC7B-CC6D-4AC2-B764-BA5CE60C7CCF}.Release|Any CPU.Build.0 = Release|Any CPU
	EndGlobalSection
	GlobalSection(SolutionProperties) = preSolution
		HideSolutionNode = FALSE
	EndGlobalSection
	GlobalSection(ExtensibilityGlobals) = postSolution
		SolutionGuid = {098DF234-70A2-475F-A981-48651A29E978}
	EndGlobalSection
EndGlobal
